// !$*UTF8*$!
{
	archiveVersion = 1;
	classes = {
	};
	objectVersion = 56;
	objects = {

/* Begin PBXBuildFile section */
		531DE6BB29A7E3D40058F8CA /* ReminderService.swift in Sources */ = {isa = PBXBuildFile; fileRef = 531DE6BA29A7E3D40058F8CA /* ReminderService.swift */; };
		531DE6BE29A7E7D40058F8CA /* UIColorTransformer.swift in Sources */ = {isa = PBXBuildFile; fileRef = 531DE6BD29A7E7D40058F8CA /* UIColorTransformer.swift */; };
		537D28FD29A9254200C5429B /* MyListsView.swift in Sources */ = {isa = PBXBuildFile; fileRef = 537D28FC29A9254200C5429B /* MyListsView.swift */; };
		537D28FF29A927CB00C5429B /* MyLiistCellView.swift in Sources */ = {isa = PBXBuildFile; fileRef = 537D28FE29A927CB00C5429B /* MyLiistCellView.swift */; };
		537D290129A92A4D00C5429B /* PreviewData.swift in Sources */ = {isa = PBXBuildFile; fileRef = 537D290029A92A4D00C5429B /* PreviewData.swift */; };
		537D290329A93AC900C5429B /* MyListDetailView.swift in Sources */ = {isa = PBXBuildFile; fileRef = 537D290229A93AC900C5429B /* MyListDetailView.swift */; };
		537D290529A977B100C5429B /* ReminderListView.swift in Sources */ = {isa = PBXBuildFile; fileRef = 537D290429A977B100C5429B /* ReminderListView.swift */; };
		538AC6C429A6845800BF9B85 /* RemindersAppApp.swift in Sources */ = {isa = PBXBuildFile; fileRef = 538AC6C329A6845800BF9B85 /* RemindersAppApp.swift */; };
		538AC6C629A6845800BF9B85 /* HomeView.swift in Sources */ = {isa = PBXBuildFile; fileRef = 538AC6C529A6845800BF9B85 /* HomeView.swift */; };
		538AC6C829A6845800BF9B85 /* Assets.xcassets in Resources */ = {isa = PBXBuildFile; fileRef = 538AC6C729A6845800BF9B85 /* Assets.xcassets */; };
		538AC6CB29A6845800BF9B85 /* Preview Assets.xcassets in Resources */ = {isa = PBXBuildFile; fileRef = 538AC6CA29A6845800BF9B85 /* Preview Assets.xcassets */; };
		538AC6D329A684A400BF9B85 /* CoreDataProvider.swift in Sources */ = {isa = PBXBuildFile; fileRef = 538AC6D229A684A400BF9B85 /* CoreDataProvider.swift */; };
		538AC6D729A6893000BF9B85 /* RemindersModel.xcdatamodeld in Sources */ = {isa = PBXBuildFile; fileRef = 538AC6D529A6893000BF9B85 /* RemindersModel.xcdatamodeld */; };
		538AC6D929A68BC800BF9B85 /* MyList+CoreDataClass.swift in Sources */ = {isa = PBXBuildFile; fileRef = 538AC6D829A68BC800BF9B85 /* MyList+CoreDataClass.swift */; };
		538AC6DB29A68BEF00BF9B85 /* MyList+CoreDataProperties.swift in Sources */ = {isa = PBXBuildFile; fileRef = 538AC6DA29A68BEF00BF9B85 /* MyList+CoreDataProperties.swift */; };
		538AC6DE29A6921700BF9B85 /* AddNewListView.swift in Sources */ = {isa = PBXBuildFile; fileRef = 538AC6DD29A6921700BF9B85 /* AddNewListView.swift */; };
		538AC6E029A697B700BF9B85 /* ColorPickerView.swift in Sources */ = {isa = PBXBuildFile; fileRef = 538AC6DF29A697B700BF9B85 /* ColorPickerView.swift */; };
/* End PBXBuildFile section */

/* Begin PBXFileReference section */
		531DE6BA29A7E3D40058F8CA /* ReminderService.swift */ = {isa = PBXFileReference; lastKnownFileType = sourcecode.swift; path = ReminderService.swift; sourceTree = "<group>"; };
		531DE6BD29A7E7D40058F8CA /* UIColorTransformer.swift */ = {isa = PBXFileReference; lastKnownFileType = sourcecode.swift; path = UIColorTransformer.swift; sourceTree = "<group>"; };
		537D28FC29A9254200C5429B /* MyListsView.swift */ = {isa = PBXFileReference; lastKnownFileType = sourcecode.swift; path = MyListsView.swift; sourceTree = "<group>"; };
		537D28FE29A927CB00C5429B /* MyLiistCellView.swift */ = {isa = PBXFileReference; lastKnownFileType = sourcecode.swift; path = MyLiistCellView.swift; sourceTree = "<group>"; };
		537D290029A92A4D00C5429B /* PreviewData.swift */ = {isa = PBXFileReference; lastKnownFileType = sourcecode.swift; path = PreviewData.swift; sourceTree = "<group>"; };
		537D290229A93AC900C5429B /* MyListDetailView.swift */ = {isa = PBXFileReference; lastKnownFileType = sourcecode.swift; path = MyListDetailView.swift; sourceTree = "<group>"; };
		537D290429A977B100C5429B /* ReminderListView.swift */ = {isa = PBXFileReference; lastKnownFileType = sourcecode.swift; path = ReminderListView.swift; sourceTree = "<group>"; };
		538AC6C029A6845800BF9B85 /* RemindersApp.app */ = {isa = PBXFileReference; explicitFileType = wrapper.application; includeInIndex = 0; path = RemindersApp.app; sourceTree = BUILT_PRODUCTS_DIR; };
		538AC6C329A6845800BF9B85 /* RemindersAppApp.swift */ = {isa = PBXFileReference; lastKnownFileType = sourcecode.swift; path = RemindersAppApp.swift; sourceTree = "<group>"; };
		538AC6C529A6845800BF9B85 /* HomeView.swift */ = {isa = PBXFileReference; lastKnownFileType = sourcecode.swift; path = HomeView.swift; sourceTree = "<group>"; };
		538AC6C729A6845800BF9B85 /* Assets.xcassets */ = {isa = PBXFileReference; lastKnownFileType = folder.assetcatalog; path = Assets.xcassets; sourceTree = "<group>"; };
		538AC6CA29A6845800BF9B85 /* Preview Assets.xcassets */ = {isa = PBXFileReference; lastKnownFileType = folder.assetcatalog; path = "Preview Assets.xcassets"; sourceTree = "<group>"; };
		538AC6D229A684A400BF9B85 /* CoreDataProvider.swift */ = {isa = PBXFileReference; lastKnownFileType = sourcecode.swift; path = CoreDataProvider.swift; sourceTree = "<group>"; };
		538AC6D629A6893000BF9B85 /* RemindersModel.xcdatamodel */ = {isa = PBXFileReference; lastKnownFileType = wrapper.xcdatamodel; path = RemindersModel.xcdatamodel; sourceTree = "<group>"; };
		538AC6D829A68BC800BF9B85 /* MyList+CoreDataClass.swift */ = {isa = PBXFileReference; lastKnownFileType = sourcecode.swift; path = "MyList+CoreDataClass.swift"; sourceTree = "<group>"; };
		538AC6DA29A68BEF00BF9B85 /* MyList+CoreDataProperties.swift */ = {isa = PBXFileReference; lastKnownFileType = sourcecode.swift; path = "MyList+CoreDataProperties.swift"; sourceTree = "<group>"; };
		538AC6DD29A6921700BF9B85 /* AddNewListView.swift */ = {isa = PBXFileReference; lastKnownFileType = sourcecode.swift; path = AddNewListView.swift; sourceTree = "<group>"; };
		538AC6DF29A697B700BF9B85 /* ColorPickerView.swift */ = {isa = PBXFileReference; lastKnownFileType = sourcecode.swift; path = ColorPickerView.swift; sourceTree = "<group>"; };
/* End PBXFileReference section */

/* Begin PBXFrameworksBuildPhase section */
		538AC6BD29A6845800BF9B85 /* Frameworks */ = {
			isa = PBXFrameworksBuildPhase;
			buildActionMask = 2147483647;
			files = (
			);
			runOnlyForDeploymentPostprocessing = 0;
		};
/* End PBXFrameworksBuildPhase section */

/* Begin PBXGroup section */
		531DE6B929A7E3A10058F8CA /* Services */ = {
			isa = PBXGroup;
			children = (
				531DE6BA29A7E3D40058F8CA /* ReminderService.swift */,
			);
			path = Services;
			sourceTree = "<group>";
		};
		531DE6BC29A7E79F0058F8CA /* Transformers */ = {
			isa = PBXGroup;
			children = (
				531DE6BD29A7E7D40058F8CA /* UIColorTransformer.swift */,
			);
			path = Transformers;
			sourceTree = "<group>";
		};
		538AC6B729A6845800BF9B85 = {
			isa = PBXGroup;
			children = (
				538AC6C229A6845800BF9B85 /* RemindersApp */,
				538AC6C129A6845800BF9B85 /* Products */,
			);
			sourceTree = "<group>";
		};
		538AC6C129A6845800BF9B85 /* Products */ = {
			isa = PBXGroup;
			children = (
				538AC6C029A6845800BF9B85 /* RemindersApp.app */,
			);
			name = Products;
			sourceTree = "<group>";
		};
		538AC6C229A6845800BF9B85 /* RemindersApp */ = {
			isa = PBXGroup;
			children = (
				531DE6BC29A7E79F0058F8CA /* Transformers */,
				531DE6B929A7E3A10058F8CA /* Services */,
				538AC6DC29A691BD00BF9B85 /* Views */,
				538AC6D429A6891100BF9B85 /* Models */,
				538AC6D129A6847F00BF9B85 /* Providers */,
				538AC6C329A6845800BF9B85 /* RemindersAppApp.swift */,
				538AC6C729A6845800BF9B85 /* Assets.xcassets */,
				538AC6C929A6845800BF9B85 /* Preview Content */,
			);
			path = RemindersApp;
			sourceTree = "<group>";
		};
		538AC6C929A6845800BF9B85 /* Preview Content */ = {
			isa = PBXGroup;
			children = (
				538AC6CA29A6845800BF9B85 /* Preview Assets.xcassets */,
				537D290029A92A4D00C5429B /* PreviewData.swift */,
			);
			path = "Preview Content";
			sourceTree = "<group>";
		};
		538AC6D129A6847F00BF9B85 /* Providers */ = {
			isa = PBXGroup;
			children = (
				538AC6D229A684A400BF9B85 /* CoreDataProvider.swift */,
			);
			path = Providers;
			sourceTree = "<group>";
		};
		538AC6D429A6891100BF9B85 /* Models */ = {
			isa = PBXGroup;
			children = (
				538AC6D529A6893000BF9B85 /* RemindersModel.xcdatamodeld */,
				538AC6D829A68BC800BF9B85 /* MyList+CoreDataClass.swift */,
				538AC6DA29A68BEF00BF9B85 /* MyList+CoreDataProperties.swift */,
			);
			path = Models;
			sourceTree = "<group>";
		};
		538AC6DC29A691BD00BF9B85 /* Views */ = {
			isa = PBXGroup;
			children = (
				538AC6C529A6845800BF9B85 /* HomeView.swift */,
				538AC6DD29A6921700BF9B85 /* AddNewListView.swift */,
				538AC6DF29A697B700BF9B85 /* ColorPickerView.swift */,
				537D28FC29A9254200C5429B /* MyListsView.swift */,
				537D28FE29A927CB00C5429B /* MyLiistCellView.swift */,
				537D290229A93AC900C5429B /* MyListDetailView.swift */,
				537D290429A977B100C5429B /* ReminderListView.swift */,
			);
			path = Views;
			sourceTree = "<group>";
		};
/* End PBXGroup section */

/* Begin PBXNativeTarget section */
		538AC6BF29A6845800BF9B85 /* RemindersApp */ = {
			isa = PBXNativeTarget;
			buildConfigurationList = 538AC6CE29A6845800BF9B85 /* Build configuration list for PBXNativeTarget "RemindersApp" */;
			buildPhases = (
				538AC6BC29A6845800BF9B85 /* Sources */,
				538AC6BD29A6845800BF9B85 /* Frameworks */,
				538AC6BE29A6845800BF9B85 /* Resources */,
			);
			buildRules = (
			);
			dependencies = (
			);
			name = RemindersApp;
			productName = RemindersApp;
			productReference = 538AC6C029A6845800BF9B85 /* RemindersApp.app */;
			productType = "com.apple.product-type.application";
		};
/* End PBXNativeTarget section */

/* Begin PBXProject section */
		538AC6B829A6845800BF9B85 /* Project object */ = {
			isa = PBXProject;
			attributes = {
				BuildIndependentTargetsInParallel = 1;
				LastSwiftUpdateCheck = 1420;
				LastUpgradeCheck = 1420;
				TargetAttributes = {
					538AC6BF29A6845800BF9B85 = {
						CreatedOnToolsVersion = 14.2;
					};
				};
			};
			buildConfigurationList = 538AC6BB29A6845800BF9B85 /* Build configuration list for PBXProject "RemindersApp" */;
			compatibilityVersion = "Xcode 14.0";
			developmentRegion = en;
			hasScannedForEncodings = 0;
			knownRegions = (
				en,
				Base,
			);
			mainGroup = 538AC6B729A6845800BF9B85;
			productRefGroup = 538AC6C129A6845800BF9B85 /* Products */;
			projectDirPath = "";
			projectRoot = "";
			targets = (
				538AC6BF29A6845800BF9B85 /* RemindersApp */,
			);
		};
/* End PBXProject section */

/* Begin PBXResourcesBuildPhase section */
		538AC6BE29A6845800BF9B85 /* Resources */ = {
			isa = PBXResourcesBuildPhase;
			buildActionMask = 2147483647;
			files = (
				538AC6CB29A6845800BF9B85 /* Preview Assets.xcassets in Resources */,
				538AC6C829A6845800BF9B85 /* Assets.xcassets in Resources */,
			);
			runOnlyForDeploymentPostprocessing = 0;
		};
/* End PBXResourcesBuildPhase section */

/* Begin PBXSourcesBuildPhase section */
		538AC6BC29A6845800BF9B85 /* Sources */ = {
			isa = PBXSourcesBuildPhase;
			buildActionMask = 2147483647;
			files = (
				538AC6E029A697B700BF9B85 /* ColorPickerView.swift in Sources */,
				538AC6C629A6845800BF9B85 /* HomeView.swift in Sources */,
				537D28FF29A927CB00C5429B /* MyLiistCellView.swift in Sources */,
				538AC6D729A6893000BF9B85 /* RemindersModel.xcdatamodeld in Sources */,
				537D290129A92A4D00C5429B /* PreviewData.swift in Sources */,
				531DE6BE29A7E7D40058F8CA /* UIColorTransformer.swift in Sources */,
				538AC6C429A6845800BF9B85 /* RemindersAppApp.swift in Sources */,
				538AC6DB29A68BEF00BF9B85 /* MyList+CoreDataProperties.swift in Sources */,
				538AC6DE29A6921700BF9B85 /* AddNewListView.swift in Sources */,
				538AC6D929A68BC800BF9B85 /* MyList+CoreDataClass.swift in Sources */,
				538AC6D329A684A400BF9B85 /* CoreDataProvider.swift in Sources */,
				537D28FD29A9254200C5429B /* MyListsView.swift in Sources */,
				537D290529A977B100C5429B /* ReminderListView.swift in Sources */,
				531DE6BB29A7E3D40058F8CA /* ReminderService.swift in Sources */,
				537D290329A93AC900C5429B /* MyListDetailView.swift in Sources */,
			);
			runOnlyForDeploymentPostprocessing = 0;
		};
/* End PBXSourcesBuildPhase section */

/* Begin XCBuildConfiguration section */
		538AC6CC29A6845800BF9B85 /* Debug */ = {
			isa = XCBuildConfiguration;
			buildSettings = {
				ALWAYS_SEARCH_USER_PATHS = NO;
				CLANG_ANALYZER_NONNULL = YES;
				CLANG_ANALYZER_NUMBER_OBJECT_CONVERSION = YES_AGGRESSIVE;
				CLANG_CXX_LANGUAGE_STANDARD = "gnu++20";
				CLANG_ENABLE_MODULES = YES;
				CLANG_ENABLE_OBJC_ARC = YES;
				CLANG_ENABLE_OBJC_WEAK = YES;
				CLANG_WARN_BLOCK_CAPTURE_AUTORELEASING = YES;
				CLANG_WARN_BOOL_CONVERSION = YES;
				CLANG_WARN_COMMA = YES;
				CLANG_WARN_CONSTANT_CONVERSION = YES;
				CLANG_WARN_DEPRECATED_OBJC_IMPLEMENTATIONS = YES;
				CLANG_WARN_DIRECT_OBJC_ISA_USAGE = YES_ERROR;
				CLANG_WARN_DOCUMENTATION_COMMENTS = YES;
				CLANG_WARN_EMPTY_BODY = YES;
				CLANG_WARN_ENUM_CONVERSION = YES;
				CLANG_WARN_INFINITE_RECURSION = YES;
				CLANG_WARN_INT_CONVERSION = YES;
				CLANG_WARN_NON_LITERAL_NULL_CONVERSION = YES;
				CLANG_WARN_OBJC_IMPLICIT_RETAIN_SELF = YES;
				CLANG_WARN_OBJC_LITERAL_CONVERSION = YES;
				CLANG_WARN_OBJC_ROOT_CLASS = YES_ERROR;
				CLANG_WARN_QUOTED_INCLUDE_IN_FRAMEWORK_HEADER = YES;
				CLANG_WARN_RANGE_LOOP_ANALYSIS = YES;
				CLANG_WARN_STRICT_PROTOTYPES = YES;
				CLANG_WARN_SUSPICIOUS_MOVE = YES;
				CLANG_WARN_UNGUARDED_AVAILABILITY = YES_AGGRESSIVE;
				CLANG_WARN_UNREACHABLE_CODE = YES;
				CLANG_WARN__DUPLICATE_METHOD_MATCH = YES;
				COPY_PHASE_STRIP = NO;
				DEBUG_INFORMATION_FORMAT = dwarf;
				ENABLE_STRICT_OBJC_MSGSEND = YES;
				ENABLE_TESTABILITY = YES;
				GCC_C_LANGUAGE_STANDARD = gnu11;
				GCC_DYNAMIC_NO_PIC = NO;
				GCC_NO_COMMON_BLOCKS = YES;
				GCC_OPTIMIZATION_LEVEL = 0;
				GCC_PREPROCESSOR_DEFINITIONS = (
					"DEBUG=1",
					"$(inherited)",
				);
				GCC_WARN_64_TO_32_BIT_CONVERSION = YES;
				GCC_WARN_ABOUT_RETURN_TYPE = YES_ERROR;
				GCC_WARN_UNDECLARED_SELECTOR = YES;
				GCC_WARN_UNINITIALIZED_AUTOS = YES_AGGRESSIVE;
				GCC_WARN_UNUSED_FUNCTION = YES;
				GCC_WARN_UNUSED_VARIABLE = YES;
				IPHONEOS_DEPLOYMENT_TARGET = 16.2;
				MTL_ENABLE_DEBUG_INFO = INCLUDE_SOURCE;
				MTL_FAST_MATH = YES;
				ONLY_ACTIVE_ARCH = YES;
				SDKROOT = iphoneos;
				SWIFT_ACTIVE_COMPILATION_CONDITIONS = DEBUG;
				SWIFT_OPTIMIZATION_LEVEL = "-Onone";
			};
			name = Debug;
		};
		538AC6CD29A6845800BF9B85 /* Release */ = {
			isa = XCBuildConfiguration;
			buildSettings = {
				ALWAYS_SEARCH_USER_PATHS = NO;
				CLANG_ANALYZER_NONNULL = YES;
				CLANG_ANALYZER_NUMBER_OBJECT_CONVERSION = YES_AGGRESSIVE;
				CLANG_CXX_LANGUAGE_STANDARD = "gnu++20";
				CLANG_ENABLE_MODULES = YES;
				CLANG_ENABLE_OBJC_ARC = YES;
				CLANG_ENABLE_OBJC_WEAK = YES;
				CLANG_WARN_BLOCK_CAPTURE_AUTORELEASING = YES;
				CLANG_WARN_BOOL_CONVERSION = YES;
				CLANG_WARN_COMMA = YES;
				CLANG_WARN_CONSTANT_CONVERSION = YES;
				CLANG_WARN_DEPRECATED_OBJC_IMPLEMENTATIONS = YES;
				CLANG_WARN_DIRECT_OBJC_ISA_USAGE = YES_ERROR;
				CLANG_WARN_DOCUMENTATION_COMMENTS = YES;
				CLANG_WARN_EMPTY_BODY = YES;
				CLANG_WARN_ENUM_CONVERSION = YES;
				CLANG_WARN_INFINITE_RECURSION = YES;
				CLANG_WARN_INT_CONVERSION = YES;
				CLANG_WARN_NON_LITERAL_NULL_CONVERSION = YES;
				CLANG_WARN_OBJC_IMPLICIT_RETAIN_SELF = YES;
				CLANG_WARN_OBJC_LITERAL_CONVERSION = YES;
				CLANG_WARN_OBJC_ROOT_CLASS = YES_ERROR;
				CLANG_WARN_QUOTED_INCLUDE_IN_FRAMEWORK_HEADER = YES;
				CLANG_WARN_RANGE_LOOP_ANALYSIS = YES;
				CLANG_WARN_STRICT_PROTOTYPES = YES;
				CLANG_WARN_SUSPICIOUS_MOVE = YES;
				CLANG_WARN_UNGUARDED_AVAILABILITY = YES_AGGRESSIVE;
				CLANG_WARN_UNREACHABLE_CODE = YES;
				CLANG_WARN__DUPLICATE_METHOD_MATCH = YES;
				COPY_PHASE_STRIP = NO;
				DEBUG_INFORMATION_FORMAT = "dwarf-with-dsym";
				ENABLE_NS_ASSERTIONS = NO;
				ENABLE_STRICT_OBJC_MSGSEND = YES;
				GCC_C_LANGUAGE_STANDARD = gnu11;
				GCC_NO_COMMON_BLOCKS = YES;
				GCC_WARN_64_TO_32_BIT_CONVERSION = YES;
				GCC_WARN_ABOUT_RETURN_TYPE = YES_ERROR;
				GCC_WARN_UNDECLARED_SELECTOR = YES;
				GCC_WARN_UNINITIALIZED_AUTOS = YES_AGGRESSIVE;
				GCC_WARN_UNUSED_FUNCTION = YES;
				GCC_WARN_UNUSED_VARIABLE = YES;
				IPHONEOS_DEPLOYMENT_TARGET = 16.2;
				MTL_ENABLE_DEBUG_INFO = NO;
				MTL_FAST_MATH = YES;
				SDKROOT = iphoneos;
				SWIFT_COMPILATION_MODE = wholemodule;
				SWIFT_OPTIMIZATION_LEVEL = "-O";
				VALIDATE_PRODUCT = YES;
			};
			name = Release;
		};
		538AC6CF29A6845800BF9B85 /* Debug */ = {
			isa = XCBuildConfiguration;
			buildSettings = {
				ASSETCATALOG_COMPILER_APPICON_NAME = AppIcon;
				ASSETCATALOG_COMPILER_GLOBAL_ACCENT_COLOR_NAME = AccentColor;
				CODE_SIGN_STYLE = Automatic;
				CURRENT_PROJECT_VERSION = 1;
				DEVELOPMENT_ASSET_PATHS = "\"RemindersApp/Preview Content\"";
				DEVELOPMENT_TEAM = 3URHWHCC7C;
				ENABLE_PREVIEWS = YES;
				GENERATE_INFOPLIST_FILE = YES;
				INFOPLIST_KEY_UIApplicationSceneManifest_Generation = YES;
				INFOPLIST_KEY_UIApplicationSupportsIndirectInputEvents = YES;
				INFOPLIST_KEY_UILaunchScreen_Generation = YES;
				INFOPLIST_KEY_UISupportedInterfaceOrientations_iPad = "UIInterfaceOrientationPortrait UIInterfaceOrientationPortraitUpsideDown UIInterfaceOrientationLandscapeLeft UIInterfaceOrientationLandscapeRight";
				INFOPLIST_KEY_UISupportedInterfaceOrientations_iPhone = "UIInterfaceOrientationPortrait UIInterfaceOrientationLandscapeLeft UIInterfaceOrientationLandscapeRight";
				LD_RUNPATH_SEARCH_PATHS = (
					"$(inherited)",
					"@executable_path/Frameworks",
				);
				MARKETING_VERSION = 1.0;
				PRODUCT_BUNDLE_IDENTIFIER = csharpTech.net.RemindersApp;
				PRODUCT_NAME = "$(TARGET_NAME)";
				SWIFT_EMIT_LOC_STRINGS = YES;
				SWIFT_VERSION = 5.0;
				TARGETED_DEVICE_FAMILY = "1,2";
			};
			name = Debug;
		};
		538AC6D029A6845800BF9B85 /* Release */ = {
			isa = XCBuildConfiguration;
			buildSettings = {
				ASSETCATALOG_COMPILER_APPICON_NAME = AppIcon;
				ASSETCATALOG_COMPILER_GLOBAL_ACCENT_COLOR_NAME = AccentColor;
				CODE_SIGN_STYLE = Automatic;
				CURRENT_PROJECT_VERSION = 1;
				DEVELOPMENT_ASSET_PATHS = "\"RemindersApp/Preview Content\"";
				DEVELOPMENT_TEAM = 3URHWHCC7C;
				ENABLE_PREVIEWS = YES;
				GENERATE_INFOPLIST_FILE = YES;
				INFOPLIST_KEY_UIApplicationSceneManifest_Generation = YES;
				INFOPLIST_KEY_UIApplicationSupportsIndirectInputEvents = YES;
				INFOPLIST_KEY_UILaunchScreen_Generation = YES;
				INFOPLIST_KEY_UISupportedInterfaceOrientations_iPad = "UIInterfaceOrientationPortrait UIInterfaceOrientationPortraitUpsideDown UIInterfaceOrientationLandscapeLeft UIInterfaceOrientationLandscapeRight";
				INFOPLIST_KEY_UISupportedInterfaceOrientations_iPhone = "UIInterfaceOrientationPortrait UIInterfaceOrientationLandscapeLeft UIInterfaceOrientationLandscapeRight";
				LD_RUNPATH_SEARCH_PATHS = (
					"$(inherited)",
					"@executable_path/Frameworks",
				);
				MARKETING_VERSION = 1.0;
				PRODUCT_BUNDLE_IDENTIFIER = csharpTech.net.RemindersApp;
				PRODUCT_NAME = "$(TARGET_NAME)";
				SWIFT_EMIT_LOC_STRINGS = YES;
				SWIFT_VERSION = 5.0;
				TARGETED_DEVICE_FAMILY = "1,2";
			};
			name = Release;
		};
/* End XCBuildConfiguration section */

/* Begin XCConfigurationList section */
		538AC6BB29A6845800BF9B85 /* Build configuration list for PBXProject "RemindersApp" */ = {
			isa = XCConfigurationList;
			buildConfigurations = (
				538AC6CC29A6845800BF9B85 /* Debug */,
				538AC6CD29A6845800BF9B85 /* Release */,
			);
			defaultConfigurationIsVisible = 0;
			defaultConfigurationName = Release;
		};
		538AC6CE29A6845800BF9B85 /* Build configuration list for PBXNativeTarget "RemindersApp" */ = {
			isa = XCConfigurationList;
			buildConfigurations = (
				538AC6CF29A6845800BF9B85 /* Debug */,
				538AC6D029A6845800BF9B85 /* Release */,
			);
			defaultConfigurationIsVisible = 0;
			defaultConfigurationName = Release;
		};
/* End XCConfigurationList section */

/* Begin XCVersionGroup section */
		538AC6D529A6893000BF9B85 /* RemindersModel.xcdatamodeld */ = {
			isa = XCVersionGroup;
			children = (
				538AC6D629A6893000BF9B85 /* RemindersModel.xcdatamodel */,
			);
			currentVersion = 538AC6D629A6893000BF9B85 /* RemindersModel.xcdatamodel */;
			path = RemindersModel.xcdatamodeld;
			sourceTree = "<group>";
			versionGroupType = wrapper.xcdatamodel;
		};
/* End XCVersionGroup section */
	};
	rootObject = 538AC6B829A6845800BF9B85 /* Project object */;
}
